{
  "name": "lambda-fns",
  "version": "1.0.0",
  "lockfileVersion": 2,
  "requires": true,
  "packages": {
    "": {
      "version": "1.0.0",
      "license": "ISC",
      "dependencies": {
        "aws-date-utils": "^1.0.0"
      }
    },
    "node_modules/aws-date-utils": {
      "version": "1.0.0",
      "resolved": "https://registry.npmjs.org/aws-date-utils/-/aws-date-utils-1.0.0.tgz",
      "integrity": "sha512-3VqUo/DqIPyiJrPTFuhj0hrM1hKWM7ews8gPTfGimdeXlFPY+UFWY86rRW1uyBk/5ebJtmgJRbw+/uAg4znolA==",
      "dependencies": {
        "date-fns": "^2.11.0"
      },
      "engines": {
        "node": ">=10"
      }
    },
    "node_modules/date-fns": {
      "version": "2.23.0",
      "resolved": "https://registry.npmjs.org/date-fns/-/date-fns-2.23.0.tgz",
      "integrity": "sha512-5ycpauovVyAk0kXNZz6ZoB9AYMZB4DObse7P3BPWmyEjXNORTI8EJ6X0uaSAq4sCHzM1uajzrkr6HnsLQpxGXA==",
      "engines": {
        "node": ">=0.11"
      },
      "funding": {
        "type": "opencollective",
        "url": "https://opencollective.com/date-fns"
      }
    }
  },
  "dependencies": {
    "aws-date-utils": {
      "version": "1.0.0",
      "resolved": "https://registry.npmjs.org/aws-date-utils/-/aws-date-utils-1.0.0.tgz",
      "integrity": "sha512-3VqUo/DqIPyiJrPTFuhj0hrM1hKWM7ews8gPTfGimdeXlFPY+UFWY86rRW1uyBk/5ebJtmgJRbw+/uAg4znolA==",
      "requires": {
        "date-fns": "^2.11.0"
      }
    },
    "date-fns": {
      "version": "2.23.0",
      "resolved": "https://registry.npmjs.org/date-fns/-/date-fns-2.23.0.tgz",
      "integrity": "sha512-5ycpauovVyAk0kXNZz6ZoB9AYMZB4DObse7P3BPWmyEjXNORTI8EJ6X0uaSAq4sCHzM1uajzrkr6HnsLQpxGXA=="
    }
  }
}
