# THIS IS AN AUTOGENERATED FILE. DO NOT EDIT THIS FILE DIRECTLY.
# yarn lockfile v1


"aws-date-utils@^1.0.0":
  "integrity" "sha512-3VqUo/DqIPyiJrPTFuhj0hrM1hKWM7ews8gPTfGimdeXlFPY+UFWY86rRW1uyBk/5ebJtmgJRbw+/uAg4znolA=="
  "resolved" "https://registry.npmjs.org/aws-date-utils/-/aws-date-utils-1.0.0.tgz"
  "version" "1.0.0"
  dependencies:
    "date-fns" "^2.11.0"

"date-fns@^2.11.0":
  "integrity" "sha512-5ycpauovVyAk0kXNZz6ZoB9AYMZB4DObse7P3BPWmyEjXNORTI8EJ6X0uaSAq4sCHzM1uajzrkr6HnsLQpxGXA=="
  "resolved" "https://registry.npmjs.org/date-fns/-/date-fns-2.23.0.tgz"
  "version" "2.23.0"
